
Microsoft Visual Studio Solution File, Format Version 12.00
# Visual Studio Version 17
VisualStudioVersion = 17.4.33122.133
MinimumVisualStudioVersion = 10.0.40219.1
Project("{FAE04EC0-301F-11D3-BF4B-00C04F79EFBC}") = "telegram_Bot", "telegram_Bot\telegram_Bot.csproj", "{8526AD71-D4AB-4E09-9832-0B9F5E06E95A}"
EndProject
Global
	GlobalSection(SolutionConfigurationPlatforms) = preSolution
		Debug|Any CPU = Debug|Any CPU
		Release|Any CPU = Release|Any CPU
	EndGlobalSection
	GlobalSection(ProjectConfigurationPlatforms) = postSolution
		{8526AD71-D4AB-4E09-9832-0B9F5E06E95A}.Debug|Any CPU.ActiveCfg = Debug|Any CPU
		{8526AD71-D4AB-4E09-9832-0B9F5E06E95A}.Debug|Any CPU.Build.0 = Debug|Any CPU
		{8526AD71-D4AB-4E09-9832-0B9F5E06E95A}.Release|Any CPU.ActiveCfg = Release|Any CPU
		{8526AD71-D4AB-4E09-9832-0B9F5E06E95A}.Release|Any CPU.Build.0 = Release|Any CPU
	EndGlobalSection
	GlobalSection(SolutionProperties) = preSolution
		HideSolutionNode = FALSE
	EndGlobalSection
	GlobalSection(ExtensibilityGlobals) = postSolution
		SolutionGuid = {8E8BD238-FB8B-4F27-A554-3F9ED1198D1C}
	EndGlobalSection
EndGlobal
